{
  "object": {
    "pins": [
      {
        "package": "CometChatSDK",
        "repositoryURL": "https://github.com/cometchat/chat-sdk-ios.git",
        "state": {
          "branch": null,
          "revision": "6784c0316f2872e908537e786dc77870a763bf56",
          "version": "4.0.46"
        }
      }
    ]
  },
  "version": 1
}
