{
  "object": {
    "pins": [
      {
        "package": "CometChatSDK",
        "repositoryURL": "https://github.com/cometchat-pro/ios-chat-sdk.git",
        "state": {
          "branch": null,
          "revision": "96f9dfceaaef5a1371eb189ed841d08277f0296e",
          "version": "4.0.43"
        }
      }
    ]
  },
  "version": 1
}
