{
  "object": {
    "pins": [
      {
        "package": "CometChatSDK",
        "repositoryURL": "https://github.com/cometchat/chat-sdk-ios.git",
        "state": {
          "branch": null,
          "revision": "df0ca8bedc210336a2be2dc0af3d09a8e1d42b15",
          "version": "4.0.58"
        }
      }
    ]
  },
  "version": 1
}
